
Microsoft Visual Studio Solution File, Format Version 12.00
# Visual Studio Version 16
VisualStudioVersion = 16.0.36324.18
MinimumVisualStudioVersion = 10.0.40219.1
Project("{FAE04EC0-301F-11D3-BF4B-00C04F79EFBC}") = "Seatwork", "Seatwork.csproj", "{6DC9F50D-0556-40F5-A5C0-BC2F4F78A08E}"
EndProject
Global
	GlobalSection(SolutionConfigurationPlatforms) = preSolution
		Debug|Any CPU = Debug|Any CPU
		Release|Any CPU = Release|Any CPU
	EndGlobalSection
	GlobalSection(ProjectConfigurationPlatforms) = postSolution
		{6DC9F50D-0556-40F5-A5C0-BC2F4F78A08E}.Debug|Any CPU.ActiveCfg = Debug|Any CPU
		{6DC9F50D-0556-40F5-A5C0-BC2F4F78A08E}.Debug|Any CPU.Build.0 = Debug|Any CPU
		{6DC9F50D-0556-40F5-A5C0-BC2F4F78A08E}.Release|Any CPU.ActiveCfg = Release|Any CPU
		{6DC9F50D-0556-40F5-A5C0-BC2F4F78A08E}.Release|Any CPU.Build.0 = Release|Any CPU
	EndGlobalSection
	GlobalSection(SolutionProperties) = preSolution
		HideSolutionNode = FALSE
	EndGlobalSection
	GlobalSection(ExtensibilityGlobals) = postSolution
		SolutionGuid = {58858635-212E-4968-A835-93315E517317}
	EndGlobalSection
EndGlobal
